{
    "_readme": [
        "This file locks the dependencies of your project to a known state",
        "Read more about it at https://getcomposer.org/doc/01-basic-usage.md#composer-lock-the-lock-file",
        "This file is @generated automatically"
    ],
    "hash": "6399ae1005659365cb401cfd73d9bf70",
    "content-hash": "f456dec083e1c0e6c2e943b132a09fb4",
    "packages": [
        {
            "name": "johnpbloch/wordpress",
            "version": "4.2.1",
            "source": {
                "type": "git",
                "url": "https://github.com/johnpbloch/wordpress.git",
                "reference": "c1cefa55c50dadb75b5e9f0e4844e420c794ab48"
            },
            "dist": {
                "type": "zip",
                "url": "https://api.github.com/repos/johnpbloch/wordpress/zipball/c1cefa55c50dadb75b5e9f0e4844e420c794ab48",
                "reference": "c1cefa55c50dadb75b5e9f0e4844e420c794ab48",
                "shasum": ""
            },
            "require": {
                "johnpbloch/wordpress-core-installer": "~0.2",
                "php": ">=5.3.2"
            },
            "type": "wordpress-core",
            "notification-url": "https://packagist.org/downloads/",
            "license": [
                "GPL-2.0+"
            ],
            "authors": [
                {
                    "name": "WordPress Community",
                    "homepage": "http://wordpress.org/about/"
                }
            ],
            "description": "WordPress is web software you can use to create a beautiful website or blog.",
            "homepage": "http://wordpress.org/",
            "keywords": [
                "blog",
                "cms"
            ],
            "time": "2015-04-27 17:16:13"
        },
        {
            "name": "johnpbloch/wordpress-core-installer",
            "version": "0.2.1",
            "source": {
                "type": "git",
                "url": "https://github.com/johnpbloch/wordpress-core-installer.git",
                "reference": "a04c2c383ef13aae077f36799ed2eafdebd618d2"
            },
            "dist": {
                "type": "zip",
                "url": "https://api.github.com/repos/johnpbloch/wordpress-core-installer/zipball/a04c2c383ef13aae077f36799ed2eafdebd618d2",
                "reference": "a04c2c383ef13aae077f36799ed2eafdebd618d2",
                "shasum": ""
            },
            "require": {
                "composer-plugin-api": "^1.0"
            },
            "conflict": {
                "composer/installers": "<1.0.6"
            },
            "require-dev": {
                "composer/composer": "1.0.*@dev"
            },
            "type": "composer-plugin",
            "extra": {
                "class": "johnpbloch\\Composer\\WordPressCorePlugin"
            },
            "autoload": {
                "psr-0": {
                    "johnpbloch\\Composer\\": "src/"
                }
            },
            "notification-url": "https://packagist.org/downloads/",
            "license": [
                "GPL-2.0+"
            ],
            "authors": [
                {
                    "name": "John P. Bloch",
                    "email": "me@johnpbloch.com"
                }
            ],
            "description": "A custom installer to handle deploying WordPress with composer",
            "keywords": [
                "wordpress"
            ],
            "time": "2015-06-11 15:15:30"
        },
        {
            "name": "loganyott/vagrant",
            "version": "dev-master",
            "source": {
                "type": "git",
                "url": "https://github.com/loganyott/vagrant.git",
                "reference": "009da6bef9457ebfbc9b5c48b79ae3bacee5c2e2"
            },
            "dist": {
                "type": "zip",
                "url": "https://api.github.com/repos/loganyott/vagrant/zipball/009da6bef9457ebfbc9b5c48b79ae3bacee5c2e2",
                "reference": "009da6bef9457ebfbc9b5c48b79ae3bacee5c2e2",
                "shasum": ""
            },
            "require": {
                "loganyott/vagrant-installer": "~0.3"
            },
            "type": "vagrant-config",
            "notification-url": "https://packagist.org/downloads/",
            "authors": [
                {
                    "name": "Logan Yott",
                    "email": "loganyott@gmail.com"
                }
            ],
            "time": "2015-10-12 16:51:57"
        },
        {
            "name": "loganyott/vagrant-installer",
            "version": "0.3.5",
            "source": {
                "type": "git",
                "url": "https://github.com/loganyott/vagrant-installer.git",
                "reference": "1b63d3e75dd364041a0e32883c6a5906f3f937ab"
            },
            "dist": {
                "type": "zip",
                "url": "https://api.github.com/repos/loganyott/vagrant-installer/zipball/1b63d3e75dd364041a0e32883c6a5906f3f937ab",
                "reference": "1b63d3e75dd364041a0e32883c6a5906f3f937ab",
                "shasum": ""
            },
            "require": {
                "composer-plugin-api": "^1.0"
            },
            "type": "composer-plugin",
            "extra": {
                "class": "loganyott\\Composer\\VagrantInstallerPlugin"
            },
            "autoload": {
                "psr-0": {
                    "loganyott\\Composer": "src/"
                }
            },
            "notification-url": "https://packagist.org/downloads/",
            "license": [
                "MIT"
            ],
            "authors": [
                {
                    "name": "Logan Yott",
                    "email": "loganyott@gmail.com"
                }
            ],
            "description": "Installer for Vagrant configurations",
            "time": "2015-06-30 21:46:14"
        }
    ],
    "packages-dev": [],
    "aliases": [],
    "minimum-stability": "stable",
    "stability-flags": {
        "loganyott/vagrant": 20
    },
    "prefer-stable": false,
    "prefer-lowest": false,
    "platform": [],
    "platform-dev": []
}
